
Microsoft Visual Studio Solution File, Format Version 12.00
# Visual Studio Version 17
VisualStudioVersion = 17.2.32602.215
MinimumVisualStudioVersion = 10.0.40219.1
Project("{FAE04EC0-301F-11D3-BF4B-00C04F79EFBC}") = "TaskBoardRestfulApiTests", "TaskBoardRestfulApiTests\TaskBoardRestfulApiTests.csproj", "{702237E1-A8EB-4143-BE0B-6C83C2D3C717}"
EndProject
Project("{FAE04EC0-301F-11D3-BF4B-00C04F79EFBC}") = "TaskBoardWebAppTests", "TaskBoardWebAppTests\TaskBoardWebAppTests.csproj", "{4F243B65-CB1C-4A44-9F5A-B21AF711D200}"
EndProject
Project("{FAE04EC0-301F-11D3-BF4B-00C04F79EFBC}") = "TaskBoardMobileTests", "TaskBoardMobileTests\TaskBoardMobileTests.csproj", "{9AEBCE01-706E-4EA5-B00F-356610E55A38}"
EndProject
Global
	GlobalSection(SolutionConfigurationPlatforms) = preSolution
		Debug|Any CPU = Debug|Any CPU
		Release|Any CPU = Release|Any CPU
	EndGlobalSection
	GlobalSection(ProjectConfigurationPlatforms) = postSolution
		{702237E1-A8EB-4143-BE0B-6C83C2D3C717}.Debug|Any CPU.ActiveCfg = Debug|Any CPU
		{702237E1-A8EB-4143-BE0B-6C83C2D3C717}.Debug|Any CPU.Build.0 = Debug|Any CPU
		{702237E1-A8EB-4143-BE0B-6C83C2D3C717}.Release|Any CPU.ActiveCfg = Release|Any CPU
		{702237E1-A8EB-4143-BE0B-6C83C2D3C717}.Release|Any CPU.Build.0 = Release|Any CPU
		{4F243B65-CB1C-4A44-9F5A-B21AF711D200}.Debug|Any CPU.ActiveCfg = Debug|Any CPU
		{4F243B65-CB1C-4A44-9F5A-B21AF711D200}.Debug|Any CPU.Build.0 = Debug|Any CPU
		{4F243B65-CB1C-4A44-9F5A-B21AF711D200}.Release|Any CPU.ActiveCfg = Release|Any CPU
		{4F243B65-CB1C-4A44-9F5A-B21AF711D200}.Release|Any CPU.Build.0 = Release|Any CPU
		{9AEBCE01-706E-4EA5-B00F-356610E55A38}.Debug|Any CPU.ActiveCfg = Debug|Any CPU
		{9AEBCE01-706E-4EA5-B00F-356610E55A38}.Debug|Any CPU.Build.0 = Debug|Any CPU
		{9AEBCE01-706E-4EA5-B00F-356610E55A38}.Release|Any CPU.ActiveCfg = Release|Any CPU
		{9AEBCE01-706E-4EA5-B00F-356610E55A38}.Release|Any CPU.Build.0 = Release|Any CPU
	EndGlobalSection
	GlobalSection(SolutionProperties) = preSolution
		HideSolutionNode = FALSE
	EndGlobalSection
	GlobalSection(ExtensibilityGlobals) = postSolution
		SolutionGuid = {B5694065-4C09-456C-8224-1974A0619F45}
	EndGlobalSection
EndGlobal
